
Microsoft Visual Studio Solution File, Format Version 12.00
# Visual Studio Version 17
VisualStudioVersion = 17.7.34024.191
MinimumVisualStudioVersion = 10.0.40219.1
Project("{FAE04EC0-301F-11D3-BF4B-00C04F79EFBC}") = "AppVazioWeb", "AppVazioWeb\AppVazioWeb.csproj", "{AE67AE32-1222-422A-B115-1864D94BEA32}"
EndProject
Global
	GlobalSection(SolutionConfigurationPlatforms) = preSolution
		Debug|Any CPU = Debug|Any CPU
		Release|Any CPU = Release|Any CPU
	EndGlobalSection
	GlobalSection(ProjectConfigurationPlatforms) = postSolution
		{AE67AE32-1222-422A-B115-1864D94BEA32}.Debug|Any CPU.ActiveCfg = Debug|Any CPU
		{AE67AE32-1222-422A-B115-1864D94BEA32}.Debug|Any CPU.Build.0 = Debug|Any CPU
		{AE67AE32-1222-422A-B115-1864D94BEA32}.Release|Any CPU.ActiveCfg = Release|Any CPU
		{AE67AE32-1222-422A-B115-1864D94BEA32}.Release|Any CPU.Build.0 = Release|Any CPU
	EndGlobalSection
	GlobalSection(SolutionProperties) = preSolution
		HideSolutionNode = FALSE
	EndGlobalSection
	GlobalSection(ExtensibilityGlobals) = postSolution
		SolutionGuid = {D50FFCDE-CD38-4C71-BF1E-3C46068F6355}
	EndGlobalSection
EndGlobal
